
Microsoft Visual Studio Solution File, Format Version 12.00
# Visual Studio Version 17
VisualStudioVersion = 17.2.32602.215
MinimumVisualStudioVersion = 10.0.40219.1
Project("{FAE04EC0-301F-11D3-BF4B-00C04F79EFBC}") = "YgoCardGenerator", "YgoCardGenerator\YgoCardGenerator.csproj", "{7850AC50-C4B9-40BE-B092-BE3F228EBC3A}"
EndProject
Global
	GlobalSection(SolutionConfigurationPlatforms) = preSolution
		Debug|Any CPU = Debug|Any CPU
		Release|Any CPU = Release|Any CPU
	EndGlobalSection
	GlobalSection(ProjectConfigurationPlatforms) = postSolution
		{7850AC50-C4B9-40BE-B092-BE3F228EBC3A}.Debug|Any CPU.ActiveCfg = Debug|Any CPU
		{7850AC50-C4B9-40BE-B092-BE3F228EBC3A}.Debug|Any CPU.Build.0 = Debug|Any CPU
		{7850AC50-C4B9-40BE-B092-BE3F228EBC3A}.Release|Any CPU.ActiveCfg = Release|Any CPU
		{7850AC50-C4B9-40BE-B092-BE3F228EBC3A}.Release|Any CPU.Build.0 = Release|Any CPU
	EndGlobalSection
	GlobalSection(SolutionProperties) = preSolution
		HideSolutionNode = FALSE
	EndGlobalSection
	GlobalSection(ExtensibilityGlobals) = postSolution
		SolutionGuid = {C42DDE1C-CF36-4231-981D-849C71817AD3}
	EndGlobalSection
EndGlobal
